
Microsoft Visual Studio Solution File, Format Version 12.00
Project("{FAE04EC0-301F-11D3-BF4B-00C04F79EFBC}") = "Task1", "Task1\Task1.csproj", "{6170962C-012C-454C-860A-B8A8941B5F09}"
EndProject
Project("{FAE04EC0-301F-11D3-BF4B-00C04F79EFBC}") = "Task2", "Task2\Task2.csproj", "{83D24C0B-96BB-41C0-A390-9C94C516939B}"
EndProject
Project("{FAE04EC0-301F-11D3-BF4B-00C04F79EFBC}") = "Task3", "Task3\Task3.csproj", "{4742F6B7-F2A6-4C38-B996-F2741335B111}"
EndProject
Project("{FAE04EC0-301F-11D3-BF4B-00C04F79EFBC}") = "Task4", "Task4\Task4.csproj", "{D0A275AC-A4A2-474D-A84A-05E5579A90FA}"
EndProject
Global
	GlobalSection(SolutionConfigurationPlatforms) = preSolution
		Debug|Any CPU = Debug|Any CPU
		Release|Any CPU = Release|Any CPU
	EndGlobalSection
	GlobalSection(ProjectConfigurationPlatforms) = postSolution
		{6170962C-012C-454C-860A-B8A8941B5F09}.Debug|Any CPU.ActiveCfg = Debug|Any CPU
		{6170962C-012C-454C-860A-B8A8941B5F09}.Debug|Any CPU.Build.0 = Debug|Any CPU
		{6170962C-012C-454C-860A-B8A8941B5F09}.Release|Any CPU.ActiveCfg = Release|Any CPU
		{6170962C-012C-454C-860A-B8A8941B5F09}.Release|Any CPU.Build.0 = Release|Any CPU
		{83D24C0B-96BB-41C0-A390-9C94C516939B}.Debug|Any CPU.ActiveCfg = Debug|Any CPU
		{83D24C0B-96BB-41C0-A390-9C94C516939B}.Debug|Any CPU.Build.0 = Debug|Any CPU
		{83D24C0B-96BB-41C0-A390-9C94C516939B}.Release|Any CPU.ActiveCfg = Release|Any CPU
		{83D24C0B-96BB-41C0-A390-9C94C516939B}.Release|Any CPU.Build.0 = Release|Any CPU
		{4742F6B7-F2A6-4C38-B996-F2741335B111}.Debug|Any CPU.ActiveCfg = Debug|Any CPU
		{4742F6B7-F2A6-4C38-B996-F2741335B111}.Debug|Any CPU.Build.0 = Debug|Any CPU
		{4742F6B7-F2A6-4C38-B996-F2741335B111}.Release|Any CPU.ActiveCfg = Release|Any CPU
		{4742F6B7-F2A6-4C38-B996-F2741335B111}.Release|Any CPU.Build.0 = Release|Any CPU
		{D0A275AC-A4A2-474D-A84A-05E5579A90FA}.Debug|Any CPU.ActiveCfg = Debug|Any CPU
		{D0A275AC-A4A2-474D-A84A-05E5579A90FA}.Debug|Any CPU.Build.0 = Debug|Any CPU
		{D0A275AC-A4A2-474D-A84A-05E5579A90FA}.Release|Any CPU.ActiveCfg = Release|Any CPU
		{D0A275AC-A4A2-474D-A84A-05E5579A90FA}.Release|Any CPU.Build.0 = Release|Any CPU
	EndGlobalSection
EndGlobal
