
Microsoft Visual Studio Solution File, Format Version 12.00
Project("{FAE04EC0-301F-11D3-BF4B-00C04F79EFBC}") = "Task1", "Task1\Task1.csproj", "{4D4A54BA-3C8C-4A16-8E4D-10FFBDD0F611}"
EndProject
Project("{FAE04EC0-301F-11D3-BF4B-00C04F79EFBC}") = "Task2", "Task2\Task2.csproj", "{4CA94F69-A5DB-4D29-B7B5-97A45E75E982}"
EndProject
Project("{FAE04EC0-301F-11D3-BF4B-00C04F79EFBC}") = "Task3", "Task3\Task3.csproj", "{D4B0477D-CD18-49A5-A0DC-BBC7109CA395}"
EndProject
Project("{FAE04EC0-301F-11D3-BF4B-00C04F79EFBC}") = "Task4", "Task4\Task4.csproj", "{4ADD2EB2-0E22-4550-8702-194F2E8B2AAA}"
EndProject
Project("{FAE04EC0-301F-11D3-BF4B-00C04F79EFBC}") = "Task5", "Task5\Task5.csproj", "{97C759FF-11D1-481C-83FD-0D43D8ED1C4F}"
EndProject
Project("{FAE04EC0-301F-11D3-BF4B-00C04F79EFBC}") = "Task6", "Task6\Task6.csproj", "{028A92DC-0FC3-44ED-8F41-7DEF27EF6181}"
EndProject
Project("{FAE04EC0-301F-11D3-BF4B-00C04F79EFBC}") = "Task7", "Task7\Task7.csproj", "{9FFDDACC-83F6-4DF0-A084-53A6647B7C4A}"
EndProject
Project("{FAE04EC0-301F-11D3-BF4B-00C04F79EFBC}") = "Task8", "Task8\Task8.csproj", "{556BC3FA-48C3-4511-86EF-AE43B03A3E5D}"
EndProject
Project("{FAE04EC0-301F-11D3-BF4B-00C04F79EFBC}") = "Task10", "Task10\Task10.csproj", "{F1D73E54-4470-4A97-A704-A92B0EBF2861}"
EndProject
Project("{FAE04EC0-301F-11D3-BF4B-00C04F79EFBC}") = "Task9", "Task9\Task9.csproj", "{8117B028-1BE9-46F3-AA09-AAD956B78DCA}"
EndProject
Project("{FAE04EC0-301F-11D3-BF4B-00C04F79EFBC}") = "Task11", "Task11\Task11.csproj", "{3753B672-8CA9-4970-B7B8-B422AB40CFDE}"
EndProject
Project("{FAE04EC0-301F-11D3-BF4B-00C04F79EFBC}") = "Task12", "Task12\Task12.csproj", "{356B9E89-DE82-42AE-AD6C-DFDE420E9F19}"
EndProject
Global
	GlobalSection(SolutionConfigurationPlatforms) = preSolution
		Debug|Any CPU = Debug|Any CPU
		Release|Any CPU = Release|Any CPU
	EndGlobalSection
	GlobalSection(ProjectConfigurationPlatforms) = postSolution
		{4D4A54BA-3C8C-4A16-8E4D-10FFBDD0F611}.Debug|Any CPU.ActiveCfg = Debug|Any CPU
		{4D4A54BA-3C8C-4A16-8E4D-10FFBDD0F611}.Debug|Any CPU.Build.0 = Debug|Any CPU
		{4D4A54BA-3C8C-4A16-8E4D-10FFBDD0F611}.Release|Any CPU.ActiveCfg = Release|Any CPU
		{4D4A54BA-3C8C-4A16-8E4D-10FFBDD0F611}.Release|Any CPU.Build.0 = Release|Any CPU
		{4CA94F69-A5DB-4D29-B7B5-97A45E75E982}.Debug|Any CPU.ActiveCfg = Debug|Any CPU
		{4CA94F69-A5DB-4D29-B7B5-97A45E75E982}.Debug|Any CPU.Build.0 = Debug|Any CPU
		{4CA94F69-A5DB-4D29-B7B5-97A45E75E982}.Release|Any CPU.ActiveCfg = Release|Any CPU
		{4CA94F69-A5DB-4D29-B7B5-97A45E75E982}.Release|Any CPU.Build.0 = Release|Any CPU
		{D4B0477D-CD18-49A5-A0DC-BBC7109CA395}.Debug|Any CPU.ActiveCfg = Debug|Any CPU
		{D4B0477D-CD18-49A5-A0DC-BBC7109CA395}.Debug|Any CPU.Build.0 = Debug|Any CPU
		{D4B0477D-CD18-49A5-A0DC-BBC7109CA395}.Release|Any CPU.ActiveCfg = Release|Any CPU
		{D4B0477D-CD18-49A5-A0DC-BBC7109CA395}.Release|Any CPU.Build.0 = Release|Any CPU
		{4ADD2EB2-0E22-4550-8702-194F2E8B2AAA}.Debug|Any CPU.ActiveCfg = Debug|Any CPU
		{4ADD2EB2-0E22-4550-8702-194F2E8B2AAA}.Debug|Any CPU.Build.0 = Debug|Any CPU
		{4ADD2EB2-0E22-4550-8702-194F2E8B2AAA}.Release|Any CPU.ActiveCfg = Release|Any CPU
		{4ADD2EB2-0E22-4550-8702-194F2E8B2AAA}.Release|Any CPU.Build.0 = Release|Any CPU
		{97C759FF-11D1-481C-83FD-0D43D8ED1C4F}.Debug|Any CPU.ActiveCfg = Debug|Any CPU
		{97C759FF-11D1-481C-83FD-0D43D8ED1C4F}.Debug|Any CPU.Build.0 = Debug|Any CPU
		{97C759FF-11D1-481C-83FD-0D43D8ED1C4F}.Release|Any CPU.ActiveCfg = Release|Any CPU
		{97C759FF-11D1-481C-83FD-0D43D8ED1C4F}.Release|Any CPU.Build.0 = Release|Any CPU
		{028A92DC-0FC3-44ED-8F41-7DEF27EF6181}.Debug|Any CPU.ActiveCfg = Debug|Any CPU
		{028A92DC-0FC3-44ED-8F41-7DEF27EF6181}.Debug|Any CPU.Build.0 = Debug|Any CPU
		{028A92DC-0FC3-44ED-8F41-7DEF27EF6181}.Release|Any CPU.ActiveCfg = Release|Any CPU
		{028A92DC-0FC3-44ED-8F41-7DEF27EF6181}.Release|Any CPU.Build.0 = Release|Any CPU
		{9FFDDACC-83F6-4DF0-A084-53A6647B7C4A}.Debug|Any CPU.ActiveCfg = Debug|Any CPU
		{9FFDDACC-83F6-4DF0-A084-53A6647B7C4A}.Debug|Any CPU.Build.0 = Debug|Any CPU
		{9FFDDACC-83F6-4DF0-A084-53A6647B7C4A}.Release|Any CPU.ActiveCfg = Release|Any CPU
		{9FFDDACC-83F6-4DF0-A084-53A6647B7C4A}.Release|Any CPU.Build.0 = Release|Any CPU
		{556BC3FA-48C3-4511-86EF-AE43B03A3E5D}.Debug|Any CPU.ActiveCfg = Debug|Any CPU
		{556BC3FA-48C3-4511-86EF-AE43B03A3E5D}.Debug|Any CPU.Build.0 = Debug|Any CPU
		{556BC3FA-48C3-4511-86EF-AE43B03A3E5D}.Release|Any CPU.ActiveCfg = Release|Any CPU
		{556BC3FA-48C3-4511-86EF-AE43B03A3E5D}.Release|Any CPU.Build.0 = Release|Any CPU
		{F1D73E54-4470-4A97-A704-A92B0EBF2861}.Debug|Any CPU.ActiveCfg = Debug|Any CPU
		{F1D73E54-4470-4A97-A704-A92B0EBF2861}.Debug|Any CPU.Build.0 = Debug|Any CPU
		{F1D73E54-4470-4A97-A704-A92B0EBF2861}.Release|Any CPU.ActiveCfg = Release|Any CPU
		{F1D73E54-4470-4A97-A704-A92B0EBF2861}.Release|Any CPU.Build.0 = Release|Any CPU
		{8117B028-1BE9-46F3-AA09-AAD956B78DCA}.Debug|Any CPU.ActiveCfg = Debug|Any CPU
		{8117B028-1BE9-46F3-AA09-AAD956B78DCA}.Debug|Any CPU.Build.0 = Debug|Any CPU
		{8117B028-1BE9-46F3-AA09-AAD956B78DCA}.Release|Any CPU.ActiveCfg = Release|Any CPU
		{8117B028-1BE9-46F3-AA09-AAD956B78DCA}.Release|Any CPU.Build.0 = Release|Any CPU
		{3753B672-8CA9-4970-B7B8-B422AB40CFDE}.Debug|Any CPU.ActiveCfg = Debug|Any CPU
		{3753B672-8CA9-4970-B7B8-B422AB40CFDE}.Debug|Any CPU.Build.0 = Debug|Any CPU
		{3753B672-8CA9-4970-B7B8-B422AB40CFDE}.Release|Any CPU.ActiveCfg = Release|Any CPU
		{3753B672-8CA9-4970-B7B8-B422AB40CFDE}.Release|Any CPU.Build.0 = Release|Any CPU
		{356B9E89-DE82-42AE-AD6C-DFDE420E9F19}.Debug|Any CPU.ActiveCfg = Debug|Any CPU
		{356B9E89-DE82-42AE-AD6C-DFDE420E9F19}.Debug|Any CPU.Build.0 = Debug|Any CPU
		{356B9E89-DE82-42AE-AD6C-DFDE420E9F19}.Release|Any CPU.ActiveCfg = Release|Any CPU
		{356B9E89-DE82-42AE-AD6C-DFDE420E9F19}.Release|Any CPU.Build.0 = Release|Any CPU
	EndGlobalSection
EndGlobal
