
Microsoft Visual Studio Solution File, Format Version 12.00
Project("{FAE04EC0-301F-11D3-BF4B-00C04F79EFBC}") = "Task1", "Task1\Task1.csproj", "{3C39A2C2-92E2-49E1-940E-97468BC083DF}"
EndProject
Project("{FAE04EC0-301F-11D3-BF4B-00C04F79EFBC}") = "Task2", "Task2\Task2.csproj", "{19B64775-8383-4117-A117-1BE930E85C37}"
EndProject
Project("{FAE04EC0-301F-11D3-BF4B-00C04F79EFBC}") = "Task3", "Task3\Task3.csproj", "{85592BA7-CE98-4FC9-9F96-1667543C4108}"
EndProject
Global
	GlobalSection(SolutionConfigurationPlatforms) = preSolution
		Debug|Any CPU = Debug|Any CPU
		Release|Any CPU = Release|Any CPU
	EndGlobalSection
	GlobalSection(ProjectConfigurationPlatforms) = postSolution
		{3C39A2C2-92E2-49E1-940E-97468BC083DF}.Debug|Any CPU.ActiveCfg = Debug|Any CPU
		{3C39A2C2-92E2-49E1-940E-97468BC083DF}.Debug|Any CPU.Build.0 = Debug|Any CPU
		{3C39A2C2-92E2-49E1-940E-97468BC083DF}.Release|Any CPU.ActiveCfg = Release|Any CPU
		{3C39A2C2-92E2-49E1-940E-97468BC083DF}.Release|Any CPU.Build.0 = Release|Any CPU
		{19B64775-8383-4117-A117-1BE930E85C37}.Debug|Any CPU.ActiveCfg = Debug|Any CPU
		{19B64775-8383-4117-A117-1BE930E85C37}.Debug|Any CPU.Build.0 = Debug|Any CPU
		{19B64775-8383-4117-A117-1BE930E85C37}.Release|Any CPU.ActiveCfg = Release|Any CPU
		{19B64775-8383-4117-A117-1BE930E85C37}.Release|Any CPU.Build.0 = Release|Any CPU
		{85592BA7-CE98-4FC9-9F96-1667543C4108}.Debug|Any CPU.ActiveCfg = Debug|Any CPU
		{85592BA7-CE98-4FC9-9F96-1667543C4108}.Debug|Any CPU.Build.0 = Debug|Any CPU
		{85592BA7-CE98-4FC9-9F96-1667543C4108}.Release|Any CPU.ActiveCfg = Release|Any CPU
		{85592BA7-CE98-4FC9-9F96-1667543C4108}.Release|Any CPU.Build.0 = Release|Any CPU
	EndGlobalSection
EndGlobal
